
Microsoft Visual Studio Solution File, Format Version 12.00
# Visual Studio Version 16
VisualStudioVersion = 16.0.30621.155
MinimumVisualStudioVersion = 10.0.40219.1
Project("{FAE04EC0-301F-11D3-BF4B-00C04F79EFBC}") = "PruebaTecnica", "PruebaTecnica\PruebaTecnica.csproj", "{B81D0982-2A11-423D-83BE-8B8EF36428FB}"
EndProject
Global
	GlobalSection(SolutionConfigurationPlatforms) = preSolution
		Debug|Any CPU = Debug|Any CPU
		Release|Any CPU = Release|Any CPU
	EndGlobalSection
	GlobalSection(ProjectConfigurationPlatforms) = postSolution
		{B81D0982-2A11-423D-83BE-8B8EF36428FB}.Debug|Any CPU.ActiveCfg = Debug|Any CPU
		{B81D0982-2A11-423D-83BE-8B8EF36428FB}.Debug|Any CPU.Build.0 = Debug|Any CPU
		{B81D0982-2A11-423D-83BE-8B8EF36428FB}.Release|Any CPU.ActiveCfg = Release|Any CPU
		{B81D0982-2A11-423D-83BE-8B8EF36428FB}.Release|Any CPU.Build.0 = Release|Any CPU
	EndGlobalSection
	GlobalSection(SolutionProperties) = preSolution
		HideSolutionNode = FALSE
	EndGlobalSection
	GlobalSection(ExtensibilityGlobals) = postSolution
		SolutionGuid = {15262D60-74CA-4048-B76A-E1AA81EA5A1B}
	EndGlobalSection
EndGlobal
